// !$*UTF8*$!
{
	archiveVersion = 1;
	classes = {
	};
	objectVersion = 55;
	objects = {

/* Begin PBXBuildFile section */
		37A4C8332A47E8F4571B4AED /* Pods_dimigoin__iOS_.framework in Frameworks */ = {isa = PBXBuildFile; fileRef = CCDF751C34950AD56FD8B890 /* Pods_dimigoin__iOS_.framework */; };
		A114D95427D4DFE300E718BF /* MealView.swift in Sources */ = {isa = PBXBuildFile; fileRef = A114D95327D4DFE300E718BF /* MealView.swift */; };
		A11978FB28226CF600386F66 /* ScrollPlaceView.swift in Sources */ = {isa = PBXBuildFile; fileRef = A11978FA28226CF600386F66 /* ScrollPlaceView.swift */; };
		A1B6D8FB2773E7CE00433657 /* dimigoinApp.swift in Sources */ = {isa = PBXBuildFile; fileRef = A1B6D8EB2773E7CC00433657 /* dimigoinApp.swift */; };
		A1B6D8FD2773E7CE00433657 /* ContentView.swift in Sources */ = {isa = PBXBuildFile; fileRef = A1B6D8EC2773E7CC00433657 /* ContentView.swift */; };
		A1B6D8FF2773E7CE00433657 /* Assets.xcassets in Resources */ = {isa = PBXBuildFile; fileRef = A1B6D8ED2773E7CE00433657 /* Assets.xcassets */; };
		A1B6E9D727B8EABD0073498B /* HomeView.swift in Sources */ = {isa = PBXBuildFile; fileRef = A1B6E9D627B8EABD0073498B /* HomeView.swift */; };
		A1B6E9D927B8EB710073498B /* NoticeView.swift in Sources */ = {isa = PBXBuildFile; fileRef = A1B6E9D827B8EB710073498B /* NoticeView.swift */; };
		A1B6E9DB27B8EB8C0073498B /* ScheduleView.swift in Sources */ = {isa = PBXBuildFile; fileRef = A1B6E9DA27B8EB8C0073498B /* ScheduleView.swift */; };
		A1B6E9DD27B8EBAD0073498B /* SubscriptionView.swift in Sources */ = {isa = PBXBuildFile; fileRef = A1B6E9DC27B8EBAD0073498B /* SubscriptionView.swift */; };
		A1B6E9DF27B8EBC00073498B /* ProfileView.swift in Sources */ = {isa = PBXBuildFile; fileRef = A1B6E9DE27B8EBC00073498B /* ProfileView.swift */; };
		A1D4371927CFC90800DFECA2 /* SnackbarView.swift in Sources */ = {isa = PBXBuildFile; fileRef = A1D4371827CFC90700DFECA2 /* SnackbarView.swift */; };
		A1D4371B27D063B700DFECA2 /* MainView.swift in Sources */ = {isa = PBXBuildFile; fileRef = A1D4371A27D063B700DFECA2 /* MainView.swift */; };
		A1D5CC8127A978F900D38015 /* DimigoinKit in Frameworks */ = {isa = PBXBuildFile; productRef = A1D5CC8027A978F900D38015 /* DimigoinKit */; };
		A1D5CC8327A97BD400D38015 /* SelectPlaceView.swift in Sources */ = {isa = PBXBuildFile; fileRef = A1D5CC8227A97BD400D38015 /* SelectPlaceView.swift */; };
/* End PBXBuildFile section */

/* Begin PBXFileReference section */
		835FD3A838AA8C76AC87B1C9 /* Pods-dimigoin (iOS).release.xcconfig */ = {isa = PBXFileReference; includeInIndex = 1; lastKnownFileType = text.xcconfig; name = "Pods-dimigoin (iOS).release.xcconfig"; path = "Target Support Files/Pods-dimigoin (iOS)/Pods-dimigoin (iOS).release.xcconfig"; sourceTree = "<group>"; };
		A114D95327D4DFE300E718BF /* MealView.swift */ = {isa = PBXFileReference; lastKnownFileType = sourcecode.swift; path = MealView.swift; sourceTree = "<group>"; };
		A11978FA28226CF600386F66 /* ScrollPlaceView.swift */ = {isa = PBXFileReference; lastKnownFileType = sourcecode.swift; path = ScrollPlaceView.swift; sourceTree = "<group>"; };
		A1B6D8EB2773E7CC00433657 /* dimigoinApp.swift */ = {isa = PBXFileReference; lastKnownFileType = sourcecode.swift; path = dimigoinApp.swift; sourceTree = "<group>"; };
		A1B6D8EC2773E7CC00433657 /* ContentView.swift */ = {isa = PBXFileReference; lastKnownFileType = sourcecode.swift; path = ContentView.swift; sourceTree = "<group>"; };
		A1B6D8ED2773E7CE00433657 /* Assets.xcassets */ = {isa = PBXFileReference; lastKnownFileType = folder.assetcatalog; path = Assets.xcassets; sourceTree = "<group>"; };
		A1B6D8F22773E7CE00433657 /* dimigoin.app */ = {isa = PBXFileReference; explicitFileType = wrapper.application; includeInIndex = 0; path = dimigoin.app; sourceTree = BUILT_PRODUCTS_DIR; };
		A1B6E9D627B8EABD0073498B /* HomeView.swift */ = {isa = PBXFileReference; lastKnownFileType = sourcecode.swift; path = HomeView.swift; sourceTree = "<group>"; };
		A1B6E9D827B8EB710073498B /* NoticeView.swift */ = {isa = PBXFileReference; lastKnownFileType = sourcecode.swift; path = NoticeView.swift; sourceTree = "<group>"; };
		A1B6E9DA27B8EB8C0073498B /* ScheduleView.swift */ = {isa = PBXFileReference; lastKnownFileType = sourcecode.swift; path = ScheduleView.swift; sourceTree = "<group>"; };
		A1B6E9DC27B8EBAD0073498B /* SubscriptionView.swift */ = {isa = PBXFileReference; lastKnownFileType = sourcecode.swift; path = SubscriptionView.swift; sourceTree = "<group>"; };
		A1B6E9DE27B8EBC00073498B /* ProfileView.swift */ = {isa = PBXFileReference; lastKnownFileType = sourcecode.swift; path = ProfileView.swift; sourceTree = "<group>"; };
		A1D4371827CFC90700DFECA2 /* SnackbarView.swift */ = {isa = PBXFileReference; lastKnownFileType = sourcecode.swift; path = SnackbarView.swift; sourceTree = "<group>"; };
		A1D4371A27D063B700DFECA2 /* MainView.swift */ = {isa = PBXFileReference; lastKnownFileType = sourcecode.swift; path = MainView.swift; sourceTree = "<group>"; };
		A1D5CC7E27A975DC00D38015 /* dimigoin--iOS--Info.plist */ = {isa = PBXFileReference; lastKnownFileType = text.plist; path = "dimigoin--iOS--Info.plist"; sourceTree = "<group>"; };
		A1D5CC8227A97BD400D38015 /* SelectPlaceView.swift */ = {isa = PBXFileReference; lastKnownFileType = sourcecode.swift; path = SelectPlaceView.swift; sourceTree = "<group>"; };
		BC786EEBA493D503A85331BA /* Pods-dimigoin (iOS).debug.xcconfig */ = {isa = PBXFileReference; includeInIndex = 1; lastKnownFileType = text.xcconfig; name = "Pods-dimigoin (iOS).debug.xcconfig"; path = "Target Support Files/Pods-dimigoin (iOS)/Pods-dimigoin (iOS).debug.xcconfig"; sourceTree = "<group>"; };
		CCDF751C34950AD56FD8B890 /* Pods_dimigoin__iOS_.framework */ = {isa = PBXFileReference; explicitFileType = wrapper.framework; includeInIndex = 0; path = Pods_dimigoin__iOS_.framework; sourceTree = BUILT_PRODUCTS_DIR; };
/* End PBXFileReference section */

/* Begin PBXFrameworksBuildPhase section */
		A1B6D8EF2773E7CE00433657 /* Frameworks */ = {
			isa = PBXFrameworksBuildPhase;
			buildActionMask = 2147483647;
			files = (
				37A4C8332A47E8F4571B4AED /* Pods_dimigoin__iOS_.framework in Frameworks */,
				A1D5CC8127A978F900D38015 /* DimigoinKit in Frameworks */,
			);
			runOnlyForDeploymentPostprocessing = 0;
		};
/* End PBXFrameworksBuildPhase section */

/* Begin PBXGroup section */
		92D5A8E43E2A7C73ED006D67 /* Pods */ = {
			isa = PBXGroup;
			children = (
				BC786EEBA493D503A85331BA /* Pods-dimigoin (iOS).debug.xcconfig */,
				835FD3A838AA8C76AC87B1C9 /* Pods-dimigoin (iOS).release.xcconfig */,
			);
			path = Pods;
			sourceTree = "<group>";
		};
		A1B6D8E52773E7CC00433657 = {
			isa = PBXGroup;
			children = (
				A1D5CC7E27A975DC00D38015 /* dimigoin--iOS--Info.plist */,
				A1B6D8EA2773E7CC00433657 /* Shared */,
				A1B6D8F32773E7CE00433657 /* Products */,
				92D5A8E43E2A7C73ED006D67 /* Pods */,
				D41CB765EFC2DF1A2D2D1C28 /* Frameworks */,
			);
			sourceTree = "<group>";
		};
		A1B6D8EA2773E7CC00433657 /* Shared */ = {
			isa = PBXGroup;
			children = (
				A1B6D8EB2773E7CC00433657 /* dimigoinApp.swift */,
				A1B6D8EC2773E7CC00433657 /* ContentView.swift */,
				A1B6E9D827B8EB710073498B /* NoticeView.swift */,
				A1B6E9DA27B8EB8C0073498B /* ScheduleView.swift */,
				A1B6E9DC27B8EBAD0073498B /* SubscriptionView.swift */,
				A114D95327D4DFE300E718BF /* MealView.swift */,
				A1B6E9DE27B8EBC00073498B /* ProfileView.swift */,
				A1B6E9D627B8EABD0073498B /* HomeView.swift */,
				A1D5CC8227A97BD400D38015 /* SelectPlaceView.swift */,
				A11978FA28226CF600386F66 /* ScrollPlaceView.swift */,
				A1B6D8ED2773E7CE00433657 /* Assets.xcassets */,
				A1D4371827CFC90700DFECA2 /* SnackbarView.swift */,
				A1D4371A27D063B700DFECA2 /* MainView.swift */,
			);
			path = Shared;
			sourceTree = "<group>";
		};
		A1B6D8F32773E7CE00433657 /* Products */ = {
			isa = PBXGroup;
			children = (
				A1B6D8F22773E7CE00433657 /* dimigoin.app */,
			);
			name = Products;
			sourceTree = "<group>";
		};
		D41CB765EFC2DF1A2D2D1C28 /* Frameworks */ = {
			isa = PBXGroup;
			children = (
				CCDF751C34950AD56FD8B890 /* Pods_dimigoin__iOS_.framework */,
			);
			name = Frameworks;
			sourceTree = "<group>";
		};
/* End PBXGroup section */

/* Begin PBXNativeTarget section */
		A1B6D8F12773E7CE00433657 /* dimigoin (iOS) */ = {
			isa = PBXNativeTarget;
			buildConfigurationList = A1B6D9032773E7CE00433657 /* Build configuration list for PBXNativeTarget "dimigoin (iOS)" */;
			buildPhases = (
				35C4DCD897A7CB28C9D7E239 /* [CP] Check Pods Manifest.lock */,
				A1B6D8EE2773E7CE00433657 /* Sources */,
				A1B6D8EF2773E7CE00433657 /* Frameworks */,
				A1B6D8F02773E7CE00433657 /* Resources */,
				2CF8E560265D866B88E473F1 /* [CP] Embed Pods Frameworks */,
			);
			buildRules = (
			);
			dependencies = (
			);
			name = "dimigoin (iOS)";
			packageProductDependencies = (
				A1D5CC8027A978F900D38015 /* DimigoinKit */,
			);
			productName = "dimigoin (iOS)";
			productReference = A1B6D8F22773E7CE00433657 /* dimigoin.app */;
			productType = "com.apple.product-type.application";
		};
/* End PBXNativeTarget section */

/* Begin PBXProject section */
		A1B6D8E62773E7CC00433657 /* Project object */ = {
			isa = PBXProject;
			attributes = {
				BuildIndependentTargetsInParallel = 1;
				LastSwiftUpdateCheck = 1320;
				LastUpgradeCheck = 1320;
				TargetAttributes = {
					A1B6D8F12773E7CE00433657 = {
						CreatedOnToolsVersion = 13.2.1;
					};
				};
			};
			buildConfigurationList = A1B6D8E92773E7CC00433657 /* Build configuration list for PBXProject "dimigoin" */;
			compatibilityVersion = "Xcode 13.0";
			developmentRegion = en;
			hasScannedForEncodings = 0;
			knownRegions = (
				en,
				Base,
			);
			mainGroup = A1B6D8E52773E7CC00433657;
			packageReferences = (
				A1D5CC7F27A978F900D38015 /* XCRemoteSwiftPackageReference "DimigoinKit" */,
			);
			productRefGroup = A1B6D8F32773E7CE00433657 /* Products */;
			projectDirPath = "";
			projectRoot = "";
			targets = (
				A1B6D8F12773E7CE00433657 /* dimigoin (iOS) */,
			);
		};
/* End PBXProject section */

/* Begin PBXResourcesBuildPhase section */
		A1B6D8F02773E7CE00433657 /* Resources */ = {
			isa = PBXResourcesBuildPhase;
			buildActionMask = 2147483647;
			files = (
				A1B6D8FF2773E7CE00433657 /* Assets.xcassets in Resources */,
			);
			runOnlyForDeploymentPostprocessing = 0;
		};
/* End PBXResourcesBuildPhase section */

/* Begin PBXShellScriptBuildPhase section */
		2CF8E560265D866B88E473F1 /* [CP] Embed Pods Frameworks */ = {
			isa = PBXShellScriptBuildPhase;
			buildActionMask = 2147483647;
			files = (
			);
			inputFileListPaths = (
				"${PODS_ROOT}/Target Support Files/Pods-dimigoin (iOS)/Pods-dimigoin (iOS)-frameworks-${CONFIGURATION}-input-files.xcfilelist",
			);
			name = "[CP] Embed Pods Frameworks";
			outputFileListPaths = (
				"${PODS_ROOT}/Target Support Files/Pods-dimigoin (iOS)/Pods-dimigoin (iOS)-frameworks-${CONFIGURATION}-output-files.xcfilelist",
			);
			runOnlyForDeploymentPostprocessing = 0;
			shellPath = /bin/sh;
			shellScript = "\"${PODS_ROOT}/Target Support Files/Pods-dimigoin (iOS)/Pods-dimigoin (iOS)-frameworks.sh\"\n";
			showEnvVarsInLog = 0;
		};
		35C4DCD897A7CB28C9D7E239 /* [CP] Check Pods Manifest.lock */ = {
			isa = PBXShellScriptBuildPhase;
			buildActionMask = 2147483647;
			files = (
			);
			inputFileListPaths = (
			);
			inputPaths = (
				"${PODS_PODFILE_DIR_PATH}/Podfile.lock",
				"${PODS_ROOT}/Manifest.lock",
			);
			name = "[CP] Check Pods Manifest.lock";
			outputFileListPaths = (
			);
			outputPaths = (
				"$(DERIVED_FILE_DIR)/Pods-dimigoin (iOS)-checkManifestLockResult.txt",
			);
			runOnlyForDeploymentPostprocessing = 0;
			shellPath = /bin/sh;
			shellScript = "diff \"${PODS_PODFILE_DIR_PATH}/Podfile.lock\" \"${PODS_ROOT}/Manifest.lock\" > /dev/null\nif [ $? != 0 ] ; then\n    # print error to STDERR\n    echo \"error: The sandbox is not in sync with the Podfile.lock. Run 'pod install' or update your CocoaPods installation.\" >&2\n    exit 1\nfi\n# This output is used by Xcode 'outputs' to avoid re-running this script phase.\necho \"SUCCESS\" > \"${SCRIPT_OUTPUT_FILE_0}\"\n";
			showEnvVarsInLog = 0;
		};
/* End PBXShellScriptBuildPhase section */

/* Begin PBXSourcesBuildPhase section */
		A1B6D8EE2773E7CE00433657 /* Sources */ = {
			isa = PBXSourcesBuildPhase;
			buildActionMask = 2147483647;
			files = (
				A1B6E9DF27B8EBC00073498B /* ProfileView.swift in Sources */,
				A1D5CC8327A97BD400D38015 /* SelectPlaceView.swift in Sources */,
				A1B6E9D727B8EABD0073498B /* HomeView.swift in Sources */,
				A11978FB28226CF600386F66 /* ScrollPlaceView.swift in Sources */,
				A1D4371B27D063B700DFECA2 /* MainView.swift in Sources */,
				A1B6D8FD2773E7CE00433657 /* ContentView.swift in Sources */,
				A1D4371927CFC90800DFECA2 /* SnackbarView.swift in Sources */,
				A1B6E9D927B8EB710073498B /* NoticeView.swift in Sources */,
				A114D95427D4DFE300E718BF /* MealView.swift in Sources */,
				A1B6D8FB2773E7CE00433657 /* dimigoinApp.swift in Sources */,
				A1B6E9DD27B8EBAD0073498B /* SubscriptionView.swift in Sources */,
				A1B6E9DB27B8EB8C0073498B /* ScheduleView.swift in Sources */,
			);
			runOnlyForDeploymentPostprocessing = 0;
		};
/* End PBXSourcesBuildPhase section */

/* Begin XCBuildConfiguration section */
		A1B6D9012773E7CE00433657 /* Debug */ = {
			isa = XCBuildConfiguration;
			buildSettings = {
				ALWAYS_SEARCH_USER_PATHS = NO;
				CLANG_ANALYZER_NONNULL = YES;
				CLANG_ANALYZER_NUMBER_OBJECT_CONVERSION = YES_AGGRESSIVE;
				CLANG_CXX_LANGUAGE_STANDARD = "gnu++17";
				CLANG_CXX_LIBRARY = "libc++";
				CLANG_ENABLE_MODULES = YES;
				CLANG_ENABLE_OBJC_ARC = YES;
				CLANG_ENABLE_OBJC_WEAK = YES;
				CLANG_WARN_BLOCK_CAPTURE_AUTORELEASING = YES;
				CLANG_WARN_BOOL_CONVERSION = YES;
				CLANG_WARN_COMMA = YES;
				CLANG_WARN_CONSTANT_CONVERSION = YES;
				CLANG_WARN_DEPRECATED_OBJC_IMPLEMENTATIONS = YES;
				CLANG_WARN_DIRECT_OBJC_ISA_USAGE = YES_ERROR;
				CLANG_WARN_DOCUMENTATION_COMMENTS = YES;
				CLANG_WARN_EMPTY_BODY = YES;
				CLANG_WARN_ENUM_CONVERSION = YES;
				CLANG_WARN_INFINITE_RECURSION = YES;
				CLANG_WARN_INT_CONVERSION = YES;
				CLANG_WARN_NON_LITERAL_NULL_CONVERSION = YES;
				CLANG_WARN_OBJC_IMPLICIT_RETAIN_SELF = YES;
				CLANG_WARN_OBJC_LITERAL_CONVERSION = YES;
				CLANG_WARN_OBJC_ROOT_CLASS = YES_ERROR;
				CLANG_WARN_QUOTED_INCLUDE_IN_FRAMEWORK_HEADER = YES;
				CLANG_WARN_RANGE_LOOP_ANALYSIS = YES;
				CLANG_WARN_STRICT_PROTOTYPES = YES;
				CLANG_WARN_SUSPICIOUS_MOVE = YES;
				CLANG_WARN_UNGUARDED_AVAILABILITY = YES_AGGRESSIVE;
				CLANG_WARN_UNREACHABLE_CODE = YES;
				CLANG_WARN__DUPLICATE_METHOD_MATCH = YES;
				COPY_PHASE_STRIP = NO;
				DEBUG_INFORMATION_FORMAT = dwarf;
				ENABLE_STRICT_OBJC_MSGSEND = YES;
				ENABLE_TESTABILITY = YES;
				GCC_C_LANGUAGE_STANDARD = gnu11;
				GCC_DYNAMIC_NO_PIC = NO;
				GCC_NO_COMMON_BLOCKS = YES;
				GCC_OPTIMIZATION_LEVEL = 0;
				GCC_PREPROCESSOR_DEFINITIONS = (
					"DEBUG=1",
					"$(inherited)",
				);
				GCC_WARN_64_TO_32_BIT_CONVERSION = YES;
				GCC_WARN_ABOUT_RETURN_TYPE = YES_ERROR;
				GCC_WARN_UNDECLARED_SELECTOR = YES;
				GCC_WARN_UNINITIALIZED_AUTOS = YES_AGGRESSIVE;
				GCC_WARN_UNUSED_FUNCTION = YES;
				GCC_WARN_UNUSED_VARIABLE = YES;
				IPHONEOS_DEPLOYMENT_TARGET = 14.1;
				MTL_ENABLE_DEBUG_INFO = INCLUDE_SOURCE;
				MTL_FAST_MATH = YES;
				ONLY_ACTIVE_ARCH = YES;
				SWIFT_ACTIVE_COMPILATION_CONDITIONS = DEBUG;
				SWIFT_OPTIMIZATION_LEVEL = "-Onone";
			};
			name = Debug;
		};
		A1B6D9022773E7CE00433657 /* Release */ = {
			isa = XCBuildConfiguration;
			buildSettings = {
				ALWAYS_SEARCH_USER_PATHS = NO;
				CLANG_ANALYZER_NONNULL = YES;
				CLANG_ANALYZER_NUMBER_OBJECT_CONVERSION = YES_AGGRESSIVE;
				CLANG_CXX_LANGUAGE_STANDARD = "gnu++17";
				CLANG_CXX_LIBRARY = "libc++";
				CLANG_ENABLE_MODULES = YES;
				CLANG_ENABLE_OBJC_ARC = YES;
				CLANG_ENABLE_OBJC_WEAK = YES;
				CLANG_WARN_BLOCK_CAPTURE_AUTORELEASING = YES;
				CLANG_WARN_BOOL_CONVERSION = YES;
				CLANG_WARN_COMMA = YES;
				CLANG_WARN_CONSTANT_CONVERSION = YES;
				CLANG_WARN_DEPRECATED_OBJC_IMPLEMENTATIONS = YES;
				CLANG_WARN_DIRECT_OBJC_ISA_USAGE = YES_ERROR;
				CLANG_WARN_DOCUMENTATION_COMMENTS = YES;
				CLANG_WARN_EMPTY_BODY = YES;
				CLANG_WARN_ENUM_CONVERSION = YES;
				CLANG_WARN_INFINITE_RECURSION = YES;
				CLANG_WARN_INT_CONVERSION = YES;
				CLANG_WARN_NON_LITERAL_NULL_CONVERSION = YES;
				CLANG_WARN_OBJC_IMPLICIT_RETAIN_SELF = YES;
				CLANG_WARN_OBJC_LITERAL_CONVERSION = YES;
				CLANG_WARN_OBJC_ROOT_CLASS = YES_ERROR;
				CLANG_WARN_QUOTED_INCLUDE_IN_FRAMEWORK_HEADER = YES;
				CLANG_WARN_RANGE_LOOP_ANALYSIS = YES;
				CLANG_WARN_STRICT_PROTOTYPES = YES;
				CLANG_WARN_SUSPICIOUS_MOVE = YES;
				CLANG_WARN_UNGUARDED_AVAILABILITY = YES_AGGRESSIVE;
				CLANG_WARN_UNREACHABLE_CODE = YES;
				CLANG_WARN__DUPLICATE_METHOD_MATCH = YES;
				COPY_PHASE_STRIP = NO;
				DEBUG_INFORMATION_FORMAT = "dwarf-with-dsym";
				ENABLE_NS_ASSERTIONS = NO;
				ENABLE_STRICT_OBJC_MSGSEND = YES;
				GCC_C_LANGUAGE_STANDARD = gnu11;
				GCC_NO_COMMON_BLOCKS = YES;
				GCC_WARN_64_TO_32_BIT_CONVERSION = YES;
				GCC_WARN_ABOUT_RETURN_TYPE = YES_ERROR;
				GCC_WARN_UNDECLARED_SELECTOR = YES;
				GCC_WARN_UNINITIALIZED_AUTOS = YES_AGGRESSIVE;
				GCC_WARN_UNUSED_FUNCTION = YES;
				GCC_WARN_UNUSED_VARIABLE = YES;
				IPHONEOS_DEPLOYMENT_TARGET = 14.1;
				MTL_ENABLE_DEBUG_INFO = NO;
				MTL_FAST_MATH = YES;
				SWIFT_COMPILATION_MODE = wholemodule;
				SWIFT_OPTIMIZATION_LEVEL = "-O";
			};
			name = Release;
		};
		A1B6D9042773E7CE00433657 /* Debug */ = {
			isa = XCBuildConfiguration;
			baseConfigurationReference = BC786EEBA493D503A85331BA /* Pods-dimigoin (iOS).debug.xcconfig */;
			buildSettings = {
				ASSETCATALOG_COMPILER_APPICON_NAME = AppIcon;
				ASSETCATALOG_COMPILER_GLOBAL_ACCENT_COLOR_NAME = AccentColor;
				CODE_SIGN_STYLE = Automatic;
				CURRENT_PROJECT_VERSION = 1;
				DEVELOPMENT_TEAM = 9MGM27T9ZC;
				ENABLE_PREVIEWS = YES;
				GENERATE_INFOPLIST_FILE = YES;
				INFOPLIST_FILE = "dimigoin--iOS--Info.plist";
				INFOPLIST_KEY_NSFaceIDUsageDescription = "모바일 학생증 본인 인증을 위해 Face ID를 사용합니다.";
				INFOPLIST_KEY_UIApplicationSceneManifest_Generation = YES;
				INFOPLIST_KEY_UIApplicationSupportsIndirectInputEvents = YES;
				INFOPLIST_KEY_UILaunchScreen_Generation = YES;
				INFOPLIST_KEY_UISupportedInterfaceOrientations_iPad = "UIInterfaceOrientationPortrait UIInterfaceOrientationPortraitUpsideDown UIInterfaceOrientationLandscapeLeft UIInterfaceOrientationLandscapeRight";
				INFOPLIST_KEY_UISupportedInterfaceOrientations_iPhone = UIInterfaceOrientationPortrait;
				INFOPLIST_KEY_UIUserInterfaceStyle = Light;
				IPHONEOS_DEPLOYMENT_TARGET = 14.1;
				LD_RUNPATH_SEARCH_PATHS = (
					"$(inherited)",
					"@executable_path/Frameworks",
				);
				MARKETING_VERSION = 1.0;
				PRODUCT_BUNDLE_IDENTIFIER = in.dimigo.ios;
				PRODUCT_NAME = dimigoin;
				SDKROOT = iphoneos;
				SWIFT_EMIT_LOC_STRINGS = YES;
				SWIFT_VERSION = 5.0;
				TARGETED_DEVICE_FAMILY = "1,2";
			};
			name = Debug;
		};
		A1B6D9052773E7CE00433657 /* Release */ = {
			isa = XCBuildConfiguration;
			baseConfigurationReference = 835FD3A838AA8C76AC87B1C9 /* Pods-dimigoin (iOS).release.xcconfig */;
			buildSettings = {
				ASSETCATALOG_COMPILER_APPICON_NAME = AppIcon;
				ASSETCATALOG_COMPILER_GLOBAL_ACCENT_COLOR_NAME = AccentColor;
				CODE_SIGN_STYLE = Automatic;
				CURRENT_PROJECT_VERSION = 1;
				DEVELOPMENT_TEAM = 9MGM27T9ZC;
				ENABLE_PREVIEWS = YES;
				GENERATE_INFOPLIST_FILE = YES;
				INFOPLIST_FILE = "dimigoin--iOS--Info.plist";
				INFOPLIST_KEY_NSFaceIDUsageDescription = "모바일 학생증 본인 인증을 위해 Face ID를 사용합니다.";
				INFOPLIST_KEY_UIApplicationSceneManifest_Generation = YES;
				INFOPLIST_KEY_UIApplicationSupportsIndirectInputEvents = YES;
				INFOPLIST_KEY_UILaunchScreen_Generation = YES;
				INFOPLIST_KEY_UISupportedInterfaceOrientations_iPad = "UIInterfaceOrientationPortrait UIInterfaceOrientationPortraitUpsideDown UIInterfaceOrientationLandscapeLeft UIInterfaceOrientationLandscapeRight";
				INFOPLIST_KEY_UISupportedInterfaceOrientations_iPhone = UIInterfaceOrientationPortrait;
				INFOPLIST_KEY_UIUserInterfaceStyle = Light;
				IPHONEOS_DEPLOYMENT_TARGET = 14.1;
				LD_RUNPATH_SEARCH_PATHS = (
					"$(inherited)",
					"@executable_path/Frameworks",
				);
				MARKETING_VERSION = 1.0;
				PRODUCT_BUNDLE_IDENTIFIER = in.dimigo.ios;
				PRODUCT_NAME = dimigoin;
				SDKROOT = iphoneos;
				SWIFT_EMIT_LOC_STRINGS = YES;
				SWIFT_VERSION = 5.0;
				TARGETED_DEVICE_FAMILY = "1,2";
				VALIDATE_PRODUCT = YES;
			};
			name = Release;
		};
/* End XCBuildConfiguration section */

/* Begin XCConfigurationList section */
		A1B6D8E92773E7CC00433657 /* Build configuration list for PBXProject "dimigoin" */ = {
			isa = XCConfigurationList;
			buildConfigurations = (
				A1B6D9012773E7CE00433657 /* Debug */,
				A1B6D9022773E7CE00433657 /* Release */,
			);
			defaultConfigurationIsVisible = 0;
			defaultConfigurationName = Release;
		};
		A1B6D9032773E7CE00433657 /* Build configuration list for PBXNativeTarget "dimigoin (iOS)" */ = {
			isa = XCConfigurationList;
			buildConfigurations = (
				A1B6D9042773E7CE00433657 /* Debug */,
				A1B6D9052773E7CE00433657 /* Release */,
			);
			defaultConfigurationIsVisible = 0;
			defaultConfigurationName = Release;
		};
/* End XCConfigurationList section */

/* Begin XCRemoteSwiftPackageReference section */
		A1D5CC7F27A978F900D38015 /* XCRemoteSwiftPackageReference "DimigoinKit" */ = {
			isa = XCRemoteSwiftPackageReference;
			repositoryURL = "https://github.com/dimigoin/DimigoinKit";
			requirement = {
				kind = upToNextMajorVersion;
				minimumVersion = 1.0.0;
			};
		};
/* End XCRemoteSwiftPackageReference section */

/* Begin XCSwiftPackageProductDependency section */
		A1D5CC8027A978F900D38015 /* DimigoinKit */ = {
			isa = XCSwiftPackageProductDependency;
			package = A1D5CC7F27A978F900D38015 /* XCRemoteSwiftPackageReference "DimigoinKit" */;
			productName = DimigoinKit;
		};
/* End XCSwiftPackageProductDependency section */
	};
	rootObject = A1B6D8E62773E7CC00433657 /* Project object */;
}
